
Microsoft Visual Studio Solution File, Format Version 12.00
# Visual Studio Version 16
VisualStudioVersion = 16.0.30804.86
MinimumVisualStudioVersion = 10.0.40219.1
Project("{9A19103F-16F7-4668-BE54-9A1E7A4F7556}") = "canalhice.api", "Canalhice\canalhice.api.csproj", "{77FB4612-C9BA-41DE-B20C-6E5C84FDCE58}"
EndProject
Project("{2150E333-8FDC-42A3-9474-1A3956D46DE8}") = "Solution Items", "Solution Items", "{2C0EB63E-8063-4554-A27C-9B339684427D}"
EndProject
Project("{E53339B2-1760-4266-BCC7-CA923CBCF16C}") = "docker-compose", "docker-compose.dcproj", "{0D556CF5-DF0E-47C4-BF92-64001DD9FC9F}"
EndProject
Project("{2150E333-8FDC-42A3-9474-1A3956D46DE8}") = "front", "front", "{D6780262-723A-45A4-8510-748AFA8E6EE4}"
EndProject
Global
	GlobalSection(SolutionConfigurationPlatforms) = preSolution
		Debug|Any CPU = Debug|Any CPU
		Release|Any CPU = Release|Any CPU
	EndGlobalSection
	GlobalSection(ProjectConfigurationPlatforms) = postSolution
		{77FB4612-C9BA-41DE-B20C-6E5C84FDCE58}.Debug|Any CPU.ActiveCfg = Debug|Any CPU
		{77FB4612-C9BA-41DE-B20C-6E5C84FDCE58}.Debug|Any CPU.Build.0 = Debug|Any CPU
		{77FB4612-C9BA-41DE-B20C-6E5C84FDCE58}.Release|Any CPU.ActiveCfg = Release|Any CPU
		{77FB4612-C9BA-41DE-B20C-6E5C84FDCE58}.Release|Any CPU.Build.0 = Release|Any CPU
		{0D556CF5-DF0E-47C4-BF92-64001DD9FC9F}.Debug|Any CPU.ActiveCfg = Debug|Any CPU
		{0D556CF5-DF0E-47C4-BF92-64001DD9FC9F}.Debug|Any CPU.Build.0 = Debug|Any CPU
		{0D556CF5-DF0E-47C4-BF92-64001DD9FC9F}.Release|Any CPU.ActiveCfg = Release|Any CPU
		{0D556CF5-DF0E-47C4-BF92-64001DD9FC9F}.Release|Any CPU.Build.0 = Release|Any CPU
	EndGlobalSection
	GlobalSection(SolutionProperties) = preSolution
		HideSolutionNode = FALSE
	EndGlobalSection
	GlobalSection(ExtensibilityGlobals) = postSolution
		SolutionGuid = {2A656B4A-28D0-48C8-A3D5-B0C1FD26ABE4}
	EndGlobalSection
EndGlobal
